# THIS IS AN AUTOGENERATED FILE. DO NOT EDIT THIS FILE DIRECTLY.
# yarn lockfile v1


"@galatajs/core@^0.1.1":
  version "0.1.1"
  resolved "https://registry.yarnpkg.com/@galatajs/core/-/core-0.1.1.tgz#77a79f78e6ff8330cd420cd22bb12ed89571c310"
  integrity sha512-bSiLT9NQuMpVkXvSRtFkWip7wMGpnXVzPcWzEAbgsy6kRELKeFXBis2CgzO0vMtk7B/ucMP8vnVqHwtbAQUY3g==

"@galatajs/events@^0.1.1":
  version "0.1.1"
  resolved "https://registry.yarnpkg.com/@galatajs/events/-/events-0.1.1.tgz#4a21c0c37b80a0cfc895b0f4ead6e4e696547c6a"
  integrity sha512-ot/PrNfL/8i7cozEtExI40h2v4HLLRo75ET2tTd4ASABZaHQ9Q/xz/gvh0zmlQxMLMFU+F64ghOvN49/TB6+1g==

"@galatajs/inject@^0.1.1":
  version "0.1.1"
  resolved "https://registry.yarnpkg.com/@galatajs/inject/-/inject-0.1.1.tgz#61d0a27b72092b528f958d9a6a4d01fc87bd8b7f"
  integrity sha512-ESaK9q4o1PPTdbuhRW1Bjbm/pKxgJa+iGO/eQ6JHnkrFICCaTDh+1lL/5ZhmxUdqw1DvVxYn/QL/UbkAu2MbsQ==

"@types/node@^18.0.0":
  version "18.0.0"
  resolved "https://registry.yarnpkg.com/@types/node/-/node-18.0.0.tgz#67c7b724e1bcdd7a8821ce0d5ee184d3b4dd525a"
  integrity sha512-cHlGmko4gWLVI27cGJntjs/Sj8th9aYwplmZFwmmgYQQvL5NUsgVJG7OddLvNfLqYS31KFN0s3qlaD9qCaxACA==

typescript@^4.7.4:
  version "4.7.4"
  resolved "https://registry.yarnpkg.com/typescript/-/typescript-4.7.4.tgz#1a88596d1cf47d59507a1bcdfb5b9dfe4d488235"
  integrity sha512-C0WQT0gezHuw6AdY1M2jxUO83Rjf0HP7Sk1DtXj6j1EwkQNZrHAg2XPWlq62oqEhYvONq5pkC2Y9oPljWToLmQ==
